Microsoft Visual Studio Solution File, Format Version 12.00
# Visual Studio Version 16
VisualStudioVersion = 16.0.29025.244
MinimumVisualStudioVersion = 10.0.40219.1
Project("{FAE04EC0-301F-11D3-BF4B-00C04F79EFBC}") = "VidyoConnector", "VidyoConnector\VidyoConnector.csproj", "{F1619EA2-F598-4107-BFF6-C41BE5F43E1A}"
EndProject
Project("{FAE04EC0-301F-11D3-BF4B-00C04F79EFBC}") = "VidyoConnector.Android", "VidyoConnector.Android\VidyoConnector.Android.csproj", "{12367E19-DB91-4841-93F4-8C822378B946}"
EndProject
Project("{FAE04EC0-301F-11D3-BF4B-00C04F79EFBC}") = "VidyoConnector.iOS", "VidyoConnector.iOS\VidyoConnector.iOS.csproj", "{446EC5C7-16C4-403B-9D90-3BE458B09244}"
EndProject
Project("{FAE04EC0-301F-11D3-BF4B-00C04F79EFBC}") = "VidyoConnector.UWP", "VidyoConnector.UWP\VidyoConnector.UWP.csproj", "{FD695970-2EFB-4C53-8B56-1F1FCEFC9709}"
EndProject
Project("{FAE04EC0-301F-11D3-BF4B-00C04F79EFBC}") = "VidyoConnector.WPF", "VidyoConnector.WPF\VidyoConnector.WPF.csproj", "{596DC7D3-D47E-4DCE-8E11-788B9A787B88}"
EndProject
Global
	GlobalSection(SolutionConfigurationPlatforms) = preSolution
		Debug|Any CPU = Debug|Any CPU
		Debug|ARM = Debug|ARM
		Debug|ARM64 = Debug|ARM64
		Debug|iPhone = Debug|iPhone
		Debug|iPhoneSimulator = Debug|iPhoneSimulator
		Debug|x64 = Debug|x64
		Debug|x86 = Debug|x86
		Release|Any CPU = Release|Any CPU
		Release|ARM = Release|ARM
		Release|ARM64 = Release|ARM64
		Release|iPhone = Release|iPhone
		Release|iPhoneSimulator = Release|iPhoneSimulator
		Release|x64 = Release|x64
		Release|x86 = Release|x86
	EndGlobalSection
	GlobalSection(ProjectConfigurationPlatforms) = postSolution
		{F1619EA2-F598-4107-BFF6-C41BE5F43E1A}.Debug|Any CPU.ActiveCfg = Debug|Any CPU
		{F1619EA2-F598-4107-BFF6-C41BE5F43E1A}.Debug|Any CPU.Build.0 = Debug|Any CPU
		{F1619EA2-F598-4107-BFF6-C41BE5F43E1A}.Debug|ARM.ActiveCfg = Debug|Any CPU
		{F1619EA2-F598-4107-BFF6-C41BE5F43E1A}.Debug|ARM.Build.0 = Debug|Any CPU
		{F1619EA2-F598-4107-BFF6-C41BE5F43E1A}.Debug|ARM64.ActiveCfg = Debug|Any CPU
		{F1619EA2-F598-4107-BFF6-C41BE5F43E1A}.Debug|ARM64.Build.0 = Debug|Any CPU
		{F1619EA2-F598-4107-BFF6-C41BE5F43E1A}.Debug|iPhone.ActiveCfg = Debug|Any CPU
		{F1619EA2-F598-4107-BFF6-C41BE5F43E1A}.Debug|iPhone.Build.0 = Debug|Any CPU
		{F1619EA2-F598-4107-BFF6-C41BE5F43E1A}.Debug|iPhoneSimulator.ActiveCfg = Debug|Any CPU
		{F1619EA2-F598-4107-BFF6-C41BE5F43E1A}.Debug|iPhoneSimulator.Build.0 = Debug|Any CPU
		{F1619EA2-F598-4107-BFF6-C41BE5F43E1A}.Debug|x64.ActiveCfg = Debug|Any CPU
		{F1619EA2-F598-4107-BFF6-C41BE5F43E1A}.Debug|x64.Build.0 = Debug|Any CPU
		{F1619EA2-F598-4107-BFF6-C41BE5F43E1A}.Debug|x86.ActiveCfg = Debug|Any CPU
		{F1619EA2-F598-4107-BFF6-C41BE5F43E1A}.Debug|x86.Build.0 = Debug|Any CPU
		{F1619EA2-F598-4107-BFF6-C41BE5F43E1A}.Release|Any CPU.ActiveCfg = Release|Any CPU
		{F1619EA2-F598-4107-BFF6-C41BE5F43E1A}.Release|Any CPU.Build.0 = Release|Any CPU
		{F1619EA2-F598-4107-BFF6-C41BE5F43E1A}.Release|ARM.ActiveCfg = Release|Any CPU
		{F1619EA2-F598-4107-BFF6-C41BE5F43E1A}.Release|ARM.Build.0 = Release|Any CPU
		{F1619EA2-F598-4107-BFF6-C41BE5F43E1A}.Release|ARM64.ActiveCfg = Release|Any CPU
		{F1619EA2-F598-4107-BFF6-C41BE5F43E1A}.Release|ARM64.Build.0 = Release|Any CPU
		{F1619EA2-F598-4107-BFF6-C41BE5F43E1A}.Release|iPhone.ActiveCfg = Release|Any CPU
		{F1619EA2-F598-4107-BFF6-C41BE5F43E1A}.Release|iPhone.Build.0 = Release|Any CPU
		{F1619EA2-F598-4107-BFF6-C41BE5F43E1A}.Release|iPhoneSimulator.ActiveCfg = Release|Any CPU
		{F1619EA2-F598-4107-BFF6-C41BE5F43E1A}.Release|iPhoneSimulator.Build.0 = Release|Any CPU
		{F1619EA2-F598-4107-BFF6-C41BE5F43E1A}.Release|x64.ActiveCfg = Release|Any CPU
		{F1619EA2-F598-4107-BFF6-C41BE5F43E1A}.Release|x64.Build.0 = Release|Any CPU
		{F1619EA2-F598-4107-BFF6-C41BE5F43E1A}.Release|x86.ActiveCfg = Release|Any CPU
		{F1619EA2-F598-4107-BFF6-C41BE5F43E1A}.Release|x86.Build.0 = Release|Any CPU
		{12367E19-DB91-4841-93F4-8C822378B946}.Debug|Any CPU.ActiveCfg = Debug|Any CPU
		{12367E19-DB91-4841-93F4-8C822378B946}.Debug|Any CPU.Build.0 = Debug|Any CPU
		{12367E19-DB91-4841-93F4-8C822378B946}.Debug|Any CPU.Deploy.0 = Debug|Any CPU
		{12367E19-DB91-4841-93F4-8C822378B946}.Debug|ARM.ActiveCfg = Debug|Any CPU
		{12367E19-DB91-4841-93F4-8C822378B946}.Debug|ARM.Build.0 = Debug|Any CPU
		{12367E19-DB91-4841-93F4-8C822378B946}.Debug|ARM.Deploy.0 = Debug|Any CPU
		{12367E19-DB91-4841-93F4-8C822378B946}.Debug|ARM64.ActiveCfg = Debug|Any CPU
		{12367E19-DB91-4841-93F4-8C822378B946}.Debug|ARM64.Build.0 = Debug|Any CPU
		{12367E19-DB91-4841-93F4-8C822378B946}.Debug|ARM64.Deploy.0 = Debug|Any CPU
		{12367E19-DB91-4841-93F4-8C822378B946}.Debug|iPhone.ActiveCfg = Debug|Any CPU
		{12367E19-DB91-4841-93F4-8C822378B946}.Debug|iPhone.Build.0 = Debug|Any CPU
		{12367E19-DB91-4841-93F4-8C822378B946}.Debug|iPhoneSimulator.ActiveCfg = Debug|Any CPU
		{12367E19-DB91-4841-93F4-8C822378B946}.Debug|iPhoneSimulator.Build.0 = Debug|Any CPU
		{12367E19-DB91-4841-93F4-8C822378B946}.Debug|x64.ActiveCfg = Debug|Any CPU
		{12367E19-DB91-4841-93F4-8C822378B946}.Debug|x64.Build.0 = Debug|Any CPU
		{12367E19-DB91-4841-93F4-8C822378B946}.Debug|x64.Deploy.0 = Debug|Any CPU
		{12367E19-DB91-4841-93F4-8C822378B946}.Debug|x86.ActiveCfg = Debug|Any CPU
		{12367E19-DB91-4841-93F4-8C822378B946}.Debug|x86.Build.0 = Debug|Any CPU
		{12367E19-DB91-4841-93F4-8C822378B946}.Debug|x86.Deploy.0 = Debug|Any CPU
		{12367E19-DB91-4841-93F4-8C822378B946}.Release|Any CPU.ActiveCfg = Release|Any CPU
		{12367E19-DB91-4841-93F4-8C822378B946}.Release|Any CPU.Build.0 = Release|Any CPU
		{12367E19-DB91-4841-93F4-8C822378B946}.Release|ARM.ActiveCfg = Release|Any CPU
		{12367E19-DB91-4841-93F4-8C822378B946}.Release|ARM.Build.0 = Release|Any CPU
		{12367E19-DB91-4841-93F4-8C822378B946}.Release|ARM.Deploy.0 = Release|Any CPU
		{12367E19-DB91-4841-93F4-8C822378B946}.Release|ARM64.ActiveCfg = Release|Any CPU
		{12367E19-DB91-4841-93F4-8C822378B946}.Release|ARM64.Build.0 = Release|Any CPU
		{12367E19-DB91-4841-93F4-8C822378B946}.Release|ARM64.Deploy.0 = Release|Any CPU
		{12367E19-DB91-4841-93F4-8C822378B946}.Release|iPhone.ActiveCfg = Release|Any CPU
		{12367E19-DB91-4841-93F4-8C822378B946}.Release|iPhone.Build.0 = Release|Any CPU
		{12367E19-DB91-4841-93F4-8C822378B946}.Release|iPhoneSimulator.ActiveCfg = Release|Any CPU
		{12367E19-DB91-4841-93F4-8C822378B946}.Release|iPhoneSimulator.Build.0 = Release|Any CPU
		{12367E19-DB91-4841-93F4-8C822378B946}.Release|x64.ActiveCfg = Release|Any CPU
		{12367E19-DB91-4841-93F4-8C822378B946}.Release|x64.Build.0 = Release|Any CPU
		{12367E19-DB91-4841-93F4-8C822378B946}.Release|x64.Deploy.0 = Release|Any CPU
		{12367E19-DB91-4841-93F4-8C822378B946}.Release|x86.ActiveCfg = Release|Any CPU
		{12367E19-DB91-4841-93F4-8C822378B946}.Release|x86.Build.0 = Release|Any CPU
		{12367E19-DB91-4841-93F4-8C822378B946}.Release|x86.Deploy.0 = Release|Any CPU
		{446EC5C7-16C4-403B-9D90-3BE458B09244}.Debug|Any CPU.ActiveCfg = Debug|iPhoneSimulator
		{446EC5C7-16C4-403B-9D90-3BE458B09244}.Debug|Any CPU.Build.0 = Debug|iPhoneSimulator
		{446EC5C7-16C4-403B-9D90-3BE458B09244}.Debug|ARM.ActiveCfg = Debug|iPhone
		{446EC5C7-16C4-403B-9D90-3BE458B09244}.Debug|ARM64.ActiveCfg = Debug|iPhone
		{446EC5C7-16C4-403B-9D90-3BE458B09244}.Debug|iPhone.ActiveCfg = Debug|iPhone
		{446EC5C7-16C4-403B-9D90-3BE458B09244}.Debug|iPhone.Build.0 = Debug|iPhone
		{446EC5C7-16C4-403B-9D90-3BE458B09244}.Debug|iPhoneSimulator.ActiveCfg = Debug|iPhoneSimulator
		{446EC5C7-16C4-403B-9D90-3BE458B09244}.Debug|iPhoneSimulator.Build.0 = Debug|iPhoneSimulator
		{446EC5C7-16C4-403B-9D90-3BE458B09244}.Debug|x64.ActiveCfg = Debug|iPhone
		{446EC5C7-16C4-403B-9D90-3BE458B09244}.Debug|x86.ActiveCfg = Debug|iPhone
		{446EC5C7-16C4-403B-9D90-3BE458B09244}.Release|Any CPU.ActiveCfg = Release|iPhone
		{446EC5C7-16C4-403B-9D90-3BE458B09244}.Release|Any CPU.Build.0 = Release|iPhone
		{446EC5C7-16C4-403B-9D90-3BE458B09244}.Release|ARM.ActiveCfg = Release|iPhoneSimulator
		{446EC5C7-16C4-403B-9D90-3BE458B09244}.Release|ARM64.ActiveCfg = Release|iPhoneSimulator
		{446EC5C7-16C4-403B-9D90-3BE458B09244}.Release|iPhone.ActiveCfg = Release|iPhone
		{446EC5C7-16C4-403B-9D90-3BE458B09244}.Release|iPhone.Build.0 = Release|iPhone
		{446EC5C7-16C4-403B-9D90-3BE458B09244}.Release|iPhoneSimulator.ActiveCfg = Release|iPhoneSimulator
		{446EC5C7-16C4-403B-9D90-3BE458B09244}.Release|iPhoneSimulator.Build.0 = Release|iPhoneSimulator
		{446EC5C7-16C4-403B-9D90-3BE458B09244}.Release|x64.ActiveCfg = Release|iPhoneSimulator
		{446EC5C7-16C4-403B-9D90-3BE458B09244}.Release|x86.ActiveCfg = Release|iPhoneSimulator
		{FD695970-2EFB-4C53-8B56-1F1FCEFC9709}.Debug|Any CPU.ActiveCfg = Debug|x86
		{FD695970-2EFB-4C53-8B56-1F1FCEFC9709}.Debug|Any CPU.Build.0 = Debug|x86
		{FD695970-2EFB-4C53-8B56-1F1FCEFC9709}.Debug|Any CPU.Deploy.0 = Debug|x86
		{FD695970-2EFB-4C53-8B56-1F1FCEFC9709}.Debug|ARM.ActiveCfg = Debug|ARM
		{FD695970-2EFB-4C53-8B56-1F1FCEFC9709}.Debug|ARM.Build.0 = Debug|ARM
		{FD695970-2EFB-4C53-8B56-1F1FCEFC9709}.Debug|ARM.Deploy.0 = Debug|ARM
		{FD695970-2EFB-4C53-8B56-1F1FCEFC9709}.Debug|ARM64.ActiveCfg = Debug|ARM64
		{FD695970-2EFB-4C53-8B56-1F1FCEFC9709}.Debug|ARM64.Build.0 = Debug|ARM64
		{FD695970-2EFB-4C53-8B56-1F1FCEFC9709}.Debug|ARM64.Deploy.0 = Debug|ARM64
		{FD695970-2EFB-4C53-8B56-1F1FCEFC9709}.Debug|iPhone.ActiveCfg = Debug|x86
		{FD695970-2EFB-4C53-8B56-1F1FCEFC9709}.Debug|iPhoneSimulator.ActiveCfg = Debug|x86
		{FD695970-2EFB-4C53-8B56-1F1FCEFC9709}.Debug|x64.ActiveCfg = Debug|x64
		{FD695970-2EFB-4C53-8B56-1F1FCEFC9709}.Debug|x64.Build.0 = Debug|x64
		{FD695970-2EFB-4C53-8B56-1F1FCEFC9709}.Debug|x64.Deploy.0 = Debug|x64
		{FD695970-2EFB-4C53-8B56-1F1FCEFC9709}.Debug|x86.ActiveCfg = Debug|x86
		{FD695970-2EFB-4C53-8B56-1F1FCEFC9709}.Debug|x86.Build.0 = Debug|x86
		{FD695970-2EFB-4C53-8B56-1F1FCEFC9709}.Debug|x86.Deploy.0 = Debug|x86
		{FD695970-2EFB-4C53-8B56-1F1FCEFC9709}.Release|Any CPU.ActiveCfg = Release|x86
		{FD695970-2EFB-4C53-8B56-1F1FCEFC9709}.Release|ARM.ActiveCfg = Release|ARM
		{FD695970-2EFB-4C53-8B56-1F1FCEFC9709}.Release|ARM.Build.0 = Release|ARM
		{FD695970-2EFB-4C53-8B56-1F1FCEFC9709}.Release|ARM.Deploy.0 = Release|ARM
		{FD695970-2EFB-4C53-8B56-1F1FCEFC9709}.Release|ARM64.ActiveCfg = Release|ARM64
		{FD695970-2EFB-4C53-8B56-1F1FCEFC9709}.Release|ARM64.Build.0 = Release|ARM64
		{FD695970-2EFB-4C53-8B56-1F1FCEFC9709}.Release|ARM64.Deploy.0 = Release|ARM64
		{FD695970-2EFB-4C53-8B56-1F1FCEFC9709}.Release|iPhone.ActiveCfg = Release|x86
		{FD695970-2EFB-4C53-8B56-1F1FCEFC9709}.Release|iPhoneSimulator.ActiveCfg = Release|x86
		{FD695970-2EFB-4C53-8B56-1F1FCEFC9709}.Release|x64.ActiveCfg = Release|x64
		{FD695970-2EFB-4C53-8B56-1F1FCEFC9709}.Release|x64.Build.0 = Release|x64
		{FD695970-2EFB-4C53-8B56-1F1FCEFC9709}.Release|x64.Deploy.0 = Release|x64
		{FD695970-2EFB-4C53-8B56-1F1FCEFC9709}.Release|x86.ActiveCfg = Release|x86
		{FD695970-2EFB-4C53-8B56-1F1FCEFC9709}.Release|x86.Build.0 = Release|x86
		{FD695970-2EFB-4C53-8B56-1F1FCEFC9709}.Release|x86.Deploy.0 = Release|x86
		{596DC7D3-D47E-4DCE-8E11-788B9A787B88}.Debug|Any CPU.ActiveCfg = Debug|Any CPU
		{596DC7D3-D47E-4DCE-8E11-788B9A787B88}.Debug|Any CPU.Build.0 = Debug|Any CPU
		{596DC7D3-D47E-4DCE-8E11-788B9A787B88}.Debug|ARM.ActiveCfg = Debug|Any CPU
		{596DC7D3-D47E-4DCE-8E11-788B9A787B88}.Debug|ARM.Build.0 = Debug|Any CPU
		{596DC7D3-D47E-4DCE-8E11-788B9A787B88}.Debug|ARM64.ActiveCfg = Debug|Any CPU
		{596DC7D3-D47E-4DCE-8E11-788B9A787B88}.Debug|ARM64.Build.0 = Debug|Any CPU
		{596DC7D3-D47E-4DCE-8E11-788B9A787B88}.Debug|iPhone.ActiveCfg = Debug|Any CPU
		{596DC7D3-D47E-4DCE-8E11-788B9A787B88}.Debug|iPhone.Build.0 = Debug|Any CPU
		{596DC7D3-D47E-4DCE-8E11-788B9A787B88}.Debug|iPhoneSimulator.ActiveCfg = Debug|Any CPU
		{596DC7D3-D47E-4DCE-8E11-788B9A787B88}.Debug|iPhoneSimulator.Build.0 = Debug|Any CPU
		{596DC7D3-D47E-4DCE-8E11-788B9A787B88}.Debug|x64.ActiveCfg = Debug|Any CPU
		{596DC7D3-D47E-4DCE-8E11-788B9A787B88}.Debug|x64.Build.0 = Debug|Any CPU
		{596DC7D3-D47E-4DCE-8E11-788B9A787B88}.Debug|x86.ActiveCfg = Debug|Any CPU
		{596DC7D3-D47E-4DCE-8E11-788B9A787B88}.Debug|x86.Build.0 = Debug|Any CPU
		{596DC7D3-D47E-4DCE-8E11-788B9A787B88}.Release|Any CPU.ActiveCfg = Release|Any CPU
		{596DC7D3-D47E-4DCE-8E11-788B9A787B88}.Release|Any CPU.Build.0 = Release|Any CPU
		{596DC7D3-D47E-4DCE-8E11-788B9A787B88}.Release|ARM.ActiveCfg = Release|Any CPU
		{596DC7D3-D47E-4DCE-8E11-788B9A787B88}.Release|ARM.Build.0 = Release|Any CPU
		{596DC7D3-D47E-4DCE-8E11-788B9A787B88}.Release|ARM64.ActiveCfg = Release|Any CPU
		{596DC7D3-D47E-4DCE-8E11-788B9A787B88}.Release|ARM64.Build.0 = Release|Any CPU
		{596DC7D3-D47E-4DCE-8E11-788B9A787B88}.Release|iPhone.ActiveCfg = Release|Any CPU
		{596DC7D3-D47E-4DCE-8E11-788B9A787B88}.Release|iPhone.Build.0 = Release|Any CPU
		{596DC7D3-D47E-4DCE-8E11-788B9A787B88}.Release|iPhoneSimulator.ActiveCfg = Release|Any CPU
		{596DC7D3-D47E-4DCE-8E11-788B9A787B88}.Release|iPhoneSimulator.Build.0 = Release|Any CPU
		{596DC7D3-D47E-4DCE-8E11-788B9A787B88}.Release|x64.ActiveCfg = Release|Any CPU
		{596DC7D3-D47E-4DCE-8E11-788B9A787B88}.Release|x64.Build.0 = Release|Any CPU
		{596DC7D3-D47E-4DCE-8E11-788B9A787B88}.Release|x86.ActiveCfg = Release|Any CPU
		{596DC7D3-D47E-4DCE-8E11-788B9A787B88}.Release|x86.Build.0 = Release|Any CPU
	EndGlobalSection
	GlobalSection(SolutionProperties) = preSolution
		HideSolutionNode = FALSE
	EndGlobalSection
	GlobalSection(ExtensibilityGlobals) = postSolution
		SolutionGuid = {BC06F6F5-70F2-4073-BC5C-99DE00C4EA18}
	EndGlobalSection
	GlobalSection(TeamFoundationVersionControl) = preSolution
		SccNumberOfProjects = 6
		SccEnterpriseProvider = {4CA58AB2-18FA-4F8D-95D4-32DDF27D184C}
		SccTeamFoundationServer = http://lh-tfs2012:8080/tfs/defaultcollection
		SccLocalPath0 = .
		SccProjectUniqueName1 = VidyoConnector.Android\\VidyoConnector.Android.csproj
		SccProjectName1 = VidyoConnector.Android
		SccLocalPath1 = VidyoConnector.Android
		SccProjectUniqueName2 = VidyoConnector.iOS\\VidyoConnector.iOS.csproj
		SccProjectName2 = VidyoConnector.iOS
		SccLocalPath2 = VidyoConnector.iOS
		SccProjectUniqueName3 = VidyoConnector\\VidyoConnector.csproj
		SccProjectName3 = VidyoConnector
		SccLocalPath3 = VidyoConnector
		SccProjectUniqueName4 = VidyoConnector.UWP\\VidyoConnector.UWP.csproj
		SccProjectName4 = VidyoConnector.UWP
		SccLocalPath4 = VidyoConnector.UWP
		SccProjectUniqueName5 = VidyoConnector.WPF\\VidyoConnector.WPF.csproj
		SccProjectName5 = VidyoConnector.WPF
		SccLocalPath5 = VidyoConnector.WPF
	EndGlobalSection
EndGlobal
